github.com/emirpasic/gods v1.18.1 h1:FXtiHYKDGKCW2KzwZKx0iC0PQmdlorYgdFG9jPXJ1Bc=
github.com/emirpasic/gods v1.18.1/go.mod h1:8tpGGwCnJ5H4r6BWwaV6OrWmMoPhUl5jm/FMNAnJvWQ=
github.com/mitchellh/mapstructure v1.5.0 h1:jeMsZIYE/09sWLaz43PL7Gy6RuMjD2eJVyuac5Z2hdY=
github.com/mitchellh/mapstructure v1.5.0/go.mod h1:bFUtVrKA4DC2yAKiSyO/QUcy7e+RRV2QTWOzhPopBRo=
github.com/volts-dev/utils v0.0.0-20240701185618-78901418ef24 h1:H5oT9+uiWAGSPIHRBbU3jKKZM8MNJOIR1LJjt4Q4q+Q=
github.com/volts-dev/utils v0.0.0-20240701185618-78901418ef24/go.mod h1:TODvPD1m6eFUenwyxUSS1unXP95G4RMa6oLy7AwX33E=
