github.com/volts-dev/logger v0.0.0-20210803162057-18754d780c31 h1:bqgYK+7Ek0FuDq5ucyrKZ6v/iTkIYXr1Z9Hj8mFZfRY=
github.com/volts-dev/logger v0.0.0-20210803162057-18754d780c31/go.mod h1:6inPB8QNCDUKyIw9dB9zBvboUgfHsApbVOEqW3vVTh4=
github.com/volts-dev/utils v0.0.0-20210131181100-6365ffec7098 h1:sEh6YAWzIaLFvliXqFYrTUx8VEE+uqJH56odVrYvzrU=
github.com/volts-dev/utils v0.0.0-20210131181100-6365ffec7098/go.mod h1:Gc+qRhI3xm2jw2mAv+X7xI91R9+t+oeTrnYoUes1Aco=
